
Microsoft Visual Studio Solution File, Format Version 12.00
# Visual Studio Version 17
VisualStudioVersion = 17.7.34202.233
MinimumVisualStudioVersion = 10.0.40219.1
Project("{9A19103F-16F7-4668-BE54-9A1E7A4F7556}") = "ReferenceTypes", "ReferenceTypes\ReferenceTypes.csproj", "{7AF1F812-F33E-421B-9BEB-FC6341CD2AC5}"
EndProject
Project("{9A19103F-16F7-4668-BE54-9A1E7A4F7556}") = "Constructors", "Constructors\Constructors.csproj", "{08299F24-FCFB-4ED7-A6FA-5EC99C459F76}"
EndProject
Project("{9A19103F-16F7-4668-BE54-9A1E7A4F7556}") = "Interfaces", "Interfaces\Interfaces.csproj", "{9CE92CE8-ACA2-42C9-9134-92153F6A14FE}"
EndProject
Project("{FAE04EC0-301F-11D3-BF4B-00C04F79EFBC}") = "Generics", "Generics\Generics.csproj", "{0688A32B-3F13-44A6-882E-C79C0EC048F6}"
EndProject
Project("{FAE04EC0-301F-11D3-BF4B-00C04F79EFBC}") = "ThreadingDemo1", "ThreadingDemo1\ThreadingDemo1.csproj", "{50CC4FE1-58D8-4583-BC1B-72B6E5411288}"
EndProject
Project("{FAE04EC0-301F-11D3-BF4B-00C04F79EFBC}") = "LinqProject", "LinqProject\LinqProject.csproj", "{C05120D1-172F-4D07-8E81-D850D537448B}"
EndProject
Global
	GlobalSection(SolutionConfigurationPlatforms) = preSolution
		Debug|Any CPU = Debug|Any CPU
		Release|Any CPU = Release|Any CPU
	EndGlobalSection
	GlobalSection(ProjectConfigurationPlatforms) = postSolution
		{7AF1F812-F33E-421B-9BEB-FC6341CD2AC5}.Debug|Any CPU.ActiveCfg = Debug|Any CPU
		{7AF1F812-F33E-421B-9BEB-FC6341CD2AC5}.Debug|Any CPU.Build.0 = Debug|Any CPU
		{7AF1F812-F33E-421B-9BEB-FC6341CD2AC5}.Release|Any CPU.ActiveCfg = Release|Any CPU
		{7AF1F812-F33E-421B-9BEB-FC6341CD2AC5}.Release|Any CPU.Build.0 = Release|Any CPU
		{08299F24-FCFB-4ED7-A6FA-5EC99C459F76}.Debug|Any CPU.ActiveCfg = Debug|Any CPU
		{08299F24-FCFB-4ED7-A6FA-5EC99C459F76}.Debug|Any CPU.Build.0 = Debug|Any CPU
		{08299F24-FCFB-4ED7-A6FA-5EC99C459F76}.Release|Any CPU.ActiveCfg = Release|Any CPU
		{08299F24-FCFB-4ED7-A6FA-5EC99C459F76}.Release|Any CPU.Build.0 = Release|Any CPU
		{9CE92CE8-ACA2-42C9-9134-92153F6A14FE}.Debug|Any CPU.ActiveCfg = Debug|Any CPU
		{9CE92CE8-ACA2-42C9-9134-92153F6A14FE}.Debug|Any CPU.Build.0 = Debug|Any CPU
		{9CE92CE8-ACA2-42C9-9134-92153F6A14FE}.Release|Any CPU.ActiveCfg = Release|Any CPU
		{9CE92CE8-ACA2-42C9-9134-92153F6A14FE}.Release|Any CPU.Build.0 = Release|Any CPU
		{0688A32B-3F13-44A6-882E-C79C0EC048F6}.Debug|Any CPU.ActiveCfg = Debug|Any CPU
		{0688A32B-3F13-44A6-882E-C79C0EC048F6}.Debug|Any CPU.Build.0 = Debug|Any CPU
		{0688A32B-3F13-44A6-882E-C79C0EC048F6}.Release|Any CPU.ActiveCfg = Release|Any CPU
		{0688A32B-3F13-44A6-882E-C79C0EC048F6}.Release|Any CPU.Build.0 = Release|Any CPU
		{50CC4FE1-58D8-4583-BC1B-72B6E5411288}.Debug|Any CPU.ActiveCfg = Debug|Any CPU
		{50CC4FE1-58D8-4583-BC1B-72B6E5411288}.Debug|Any CPU.Build.0 = Debug|Any CPU
		{50CC4FE1-58D8-4583-BC1B-72B6E5411288}.Release|Any CPU.ActiveCfg = Release|Any CPU
		{50CC4FE1-58D8-4583-BC1B-72B6E5411288}.Release|Any CPU.Build.0 = Release|Any CPU
		{C05120D1-172F-4D07-8E81-D850D537448B}.Debug|Any CPU.ActiveCfg = Debug|Any CPU
		{C05120D1-172F-4D07-8E81-D850D537448B}.Debug|Any CPU.Build.0 = Debug|Any CPU
		{C05120D1-172F-4D07-8E81-D850D537448B}.Release|Any CPU.ActiveCfg = Release|Any CPU
		{C05120D1-172F-4D07-8E81-D850D537448B}.Release|Any CPU.Build.0 = Release|Any CPU
	EndGlobalSection
	GlobalSection(SolutionProperties) = preSolution
		HideSolutionNode = FALSE
	EndGlobalSection
	GlobalSection(ExtensibilityGlobals) = postSolution
		SolutionGuid = {FD86B9C7-BFE4-4E44-87C5-BB87D784E7A2}
	EndGlobalSection
EndGlobal
